// !$*UTF8*$!
{
	archiveVersion = 1;
	classes = {
	};
	objectVersion = 50;
	objects = {

/* Begin PBXBuildFile section */
		18DA19FE22A9AE0A002EB3A0 /* AppDelegate.swift in Sources */ = {isa = PBXBuildFile; fileRef = 18DA19FD22A9AE0A002EB3A0 /* AppDelegate.swift */; };
		18DA1A0022A9AE0A002EB3A0 /* ViewController.swift in Sources */ = {isa = PBXBuildFile; fileRef = 18DA19FF22A9AE0A002EB3A0 /* ViewController.swift */; };
		18DA1A0322A9AE0A002EB3A0 /* Main.storyboard in Resources */ = {isa = PBXBuildFile; fileRef = 18DA1A0122A9AE0A002EB3A0 /* Main.storyboard */; };
		18DA1A0522A9AE0C002EB3A0 /* Assets.xcassets in Resources */ = {isa = PBXBuildFile; fileRef = 18DA1A0422A9AE0C002EB3A0 /* Assets.xcassets */; };
		18DA1A0822A9AE0C002EB3A0 /* LaunchScreen.storyboard in Resources */ = {isa = PBXBuildFile; fileRef = 18DA1A0622A9AE0C002EB3A0 /* LaunchScreen.storyboard */; };
		18DA1A1322A9AE0C002EB3A0 /* challengeTests.swift in Sources */ = {isa = PBXBuildFile; fileRef = 18DA1A1222A9AE0C002EB3A0 /* challengeTests.swift */; };
		18DA1A1E22A9AE0C002EB3A0 /* challengeUITests.swift in Sources */ = {isa = PBXBuildFile; fileRef = 18DA1A1D22A9AE0C002EB3A0 /* challengeUITests.swift */; };
/* End PBXBuildFile section */

/* Begin PBXContainerItemProxy section */
		18DA1A0F22A9AE0C002EB3A0 /* PBXContainerItemProxy */ = {
			isa = PBXContainerItemProxy;
			containerPortal = 18DA19F222A9AE0A002EB3A0 /* Project object */;
			proxyType = 1;
			remoteGlobalIDString = 18DA19F922A9AE0A002EB3A0;
			remoteInfo = challenge;
		};
		18DA1A1A22A9AE0C002EB3A0 /* PBXContainerItemProxy */ = {
			isa = PBXContainerItemProxy;
			containerPortal = 18DA19F222A9AE0A002EB3A0 /* Project object */;
			proxyType = 1;
			remoteGlobalIDString = 18DA19F922A9AE0A002EB3A0;
			remoteInfo = challenge;
		};
/* End PBXContainerItemProxy section */

/* Begin PBXFileReference section */
		18DA19FA22A9AE0A002EB3A0 /* challenge.app */ = {isa = PBXFileReference; explicitFileType = wrapper.application; includeInIndex = 0; path = challenge.app; sourceTree = BUILT_PRODUCTS_DIR; };
		18DA19FD22A9AE0A002EB3A0 /* AppDelegate.swift */ = {isa = PBXFileReference; lastKnownFileType = sourcecode.swift; path = AppDelegate.swift; sourceTree = "<group>"; };
		18DA19FF22A9AE0A002EB3A0 /* ViewController.swift */ = {isa = PBXFileReference; lastKnownFileType = sourcecode.swift; path = ViewController.swift; sourceTree = "<group>"; };
		18DA1A0222A9AE0A002EB3A0 /* Base */ = {isa = PBXFileReference; lastKnownFileType = file.storyboard; name = Base; path = Base.lproj/Main.storyboard; sourceTree = "<group>"; };
		18DA1A0422A9AE0C002EB3A0 /* Assets.xcassets */ = {isa = PBXFileReference; lastKnownFileType = folder.assetcatalog; path = Assets.xcassets; sourceTree = "<group>"; };
		18DA1A0722A9AE0C002EB3A0 /* Base */ = {isa = PBXFileReference; lastKnownFileType = file.storyboard; name = Base; path = Base.lproj/LaunchScreen.storyboard; sourceTree = "<group>"; };
		18DA1A0922A9AE0C002EB3A0 /* Info.plist */ = {isa = PBXFileReference; lastKnownFileType = text.plist.xml; path = Info.plist; sourceTree = "<group>"; };
		18DA1A0E22A9AE0C002EB3A0 /* challengeTests.xctest */ = {isa = PBXFileReference; explicitFileType = wrapper.cfbundle; includeInIndex = 0; path = challengeTests.xctest; sourceTree = BUILT_PRODUCTS_DIR; };
		18DA1A1222A9AE0C002EB3A0 /* challengeTests.swift */ = {isa = PBXFileReference; lastKnownFileType = sourcecode.swift; path = challengeTests.swift; sourceTree = "<group>"; };
		18DA1A1422A9AE0C002EB3A0 /* Info.plist */ = {isa = PBXFileReference; lastKnownFileType = text.plist.xml; path = Info.plist; sourceTree = "<group>"; };
		18DA1A1922A9AE0C002EB3A0 /* challengeUITests.xctest */ = {isa = PBXFileReference; explicitFileType = wrapper.cfbundle; includeInIndex = 0; path = challengeUITests.xctest; sourceTree = BUILT_PRODUCTS_DIR; };
		18DA1A1D22A9AE0C002EB3A0 /* challengeUITests.swift */ = {isa = PBXFileReference; lastKnownFileType = sourcecode.swift; path = challengeUITests.swift; sourceTree = "<group>"; };
		18DA1A1F22A9AE0C002EB3A0 /* Info.plist */ = {isa = PBXFileReference; lastKnownFileType = text.plist.xml; path = Info.plist; sourceTree = "<group>"; };
/* End PBXFileReference section */

/* Begin PBXFrameworksBuildPhase section */
		18DA19F722A9AE0A002EB3A0 /* Frameworks */ = {
			isa = PBXFrameworksBuildPhase;
			buildActionMask = 2147483647;
			files = (
			);
			runOnlyForDeploymentPostprocessing = 0;
		};
		18DA1A0B22A9AE0C002EB3A0 /* Frameworks */ = {
			isa = PBXFrameworksBuildPhase;
			buildActionMask = 2147483647;
			files = (
			);
			runOnlyForDeploymentPostprocessing = 0;
		};
		18DA1A1622A9AE0C002EB3A0 /* Frameworks */ = {
			isa = PBXFrameworksBuildPhase;
			buildActionMask = 2147483647;
			files = (
			);
			runOnlyForDeploymentPostprocessing = 0;
		};
/* End PBXFrameworksBuildPhase section */

/* Begin PBXGroup section */
		18DA19F122A9AE0A002EB3A0 = {
			isa = PBXGroup;
			children = (
				18DA19FC22A9AE0A002EB3A0 /* challenge */,
				18DA1A1122A9AE0C002EB3A0 /* challengeTests */,
				18DA1A1C22A9AE0C002EB3A0 /* challengeUITests */,
				18DA19FB22A9AE0A002EB3A0 /* Products */,
			);
			sourceTree = "<group>";
		};
		18DA19FB22A9AE0A002EB3A0 /* Products */ = {
			isa = PBXGroup;
			children = (
				18DA19FA22A9AE0A002EB3A0 /* challenge.app */,
				18DA1A0E22A9AE0C002EB3A0 /* challengeTests.xctest */,
				18DA1A1922A9AE0C002EB3A0 /* challengeUITests.xctest */,
			);
			name = Products;
			sourceTree = "<group>";
		};
		18DA19FC22A9AE0A002EB3A0 /* challenge */ = {
			isa = PBXGroup;
			children = (
				18DA19FD22A9AE0A002EB3A0 /* AppDelegate.swift */,
				18DA19FF22A9AE0A002EB3A0 /* ViewController.swift */,
				18DA1A0122A9AE0A002EB3A0 /* Main.storyboard */,
				18DA1A0422A9AE0C002EB3A0 /* Assets.xcassets */,
				18DA1A0622A9AE0C002EB3A0 /* LaunchScreen.storyboard */,
				18DA1A0922A9AE0C002EB3A0 /* Info.plist */,
			);
			path = challenge;
			sourceTree = "<group>";
		};
		18DA1A1122A9AE0C002EB3A0 /* challengeTests */ = {
			isa = PBXGroup;
			children = (
				18DA1A1222A9AE0C002EB3A0 /* challengeTests.swift */,
				18DA1A1422A9AE0C002EB3A0 /* Info.plist */,
			);
			path = challengeTests;
			sourceTree = "<group>";
		};
		18DA1A1C22A9AE0C002EB3A0 /* challengeUITests */ = {
			isa = PBXGroup;
			children = (
				18DA1A1D22A9AE0C002EB3A0 /* challengeUITests.swift */,
				18DA1A1F22A9AE0C002EB3A0 /* Info.plist */,
			);
			path = challengeUITests;
			sourceTree = "<group>";
		};
/* End PBXGroup section */

/* Begin PBXNativeTarget section */
		18DA19F922A9AE0A002EB3A0 /* challenge */ = {
			isa = PBXNativeTarget;
			buildConfigurationList = 18DA1A2222A9AE0C002EB3A0 /* Build configuration list for PBXNativeTarget "challenge" */;
			buildPhases = (
				18DA19F622A9AE0A002EB3A0 /* Sources */,
				18DA19F722A9AE0A002EB3A0 /* Frameworks */,
				18DA19F822A9AE0A002EB3A0 /* Resources */,
			);
			buildRules = (
			);
			dependencies = (
			);
			name = challenge;
			productName = challenge;
			productReference = 18DA19FA22A9AE0A002EB3A0 /* challenge.app */;
			productType = "com.apple.product-type.application";
		};
		18DA1A0D22A9AE0C002EB3A0 /* challengeTests */ = {
			isa = PBXNativeTarget;
			buildConfigurationList = 18DA1A2522A9AE0C002EB3A0 /* Build configuration list for PBXNativeTarget "challengeTests" */;
			buildPhases = (
				18DA1A0A22A9AE0C002EB3A0 /* Sources */,
				18DA1A0B22A9AE0C002EB3A0 /* Frameworks */,
				18DA1A0C22A9AE0C002EB3A0 /* Resources */,
			);
			buildRules = (
			);
			dependencies = (
				18DA1A1022A9AE0C002EB3A0 /* PBXTargetDependency */,
			);
			name = challengeTests;
			productName = challengeTests;
			productReference = 18DA1A0E22A9AE0C002EB3A0 /* challengeTests.xctest */;
			productType = "com.apple.product-type.bundle.unit-test";
		};
		18DA1A1822A9AE0C002EB3A0 /* challengeUITests */ = {
			isa = PBXNativeTarget;
			buildConfigurationList = 18DA1A2822A9AE0C002EB3A0 /* Build configuration list for PBXNativeTarget "challengeUITests" */;
			buildPhases = (
				18DA1A1522A9AE0C002EB3A0 /* Sources */,
				18DA1A1622A9AE0C002EB3A0 /* Frameworks */,
				18DA1A1722A9AE0C002EB3A0 /* Resources */,
			);
			buildRules = (
			);
			dependencies = (
				18DA1A1B22A9AE0C002EB3A0 /* PBXTargetDependency */,
			);
			name = challengeUITests;
			productName = challengeUITests;
			productReference = 18DA1A1922A9AE0C002EB3A0 /* challengeUITests.xctest */;
			productType = "com.apple.product-type.bundle.ui-testing";
		};
/* End PBXNativeTarget section */

/* Begin PBXProject section */
		18DA19F222A9AE0A002EB3A0 /* Project object */ = {
			isa = PBXProject;
			attributes = {
				LastSwiftUpdateCheck = 1020;
				LastUpgradeCheck = 1020;
				ORGANIZATIONNAME = Apple;
				TargetAttributes = {
					18DA19F922A9AE0A002EB3A0 = {
						CreatedOnToolsVersion = 10.2.1;
					};
					18DA1A0D22A9AE0C002EB3A0 = {
						CreatedOnToolsVersion = 10.2.1;
						TestTargetID = 18DA19F922A9AE0A002EB3A0;
					};
					18DA1A1822A9AE0C002EB3A0 = {
						CreatedOnToolsVersion = 10.2.1;
						TestTargetID = 18DA19F922A9AE0A002EB3A0;
					};
				};
			};
			buildConfigurationList = 18DA19F522A9AE0A002EB3A0 /* Build configuration list for PBXProject "challenge" */;
			compatibilityVersion = "Xcode 9.3";
			developmentRegion = en;
			hasScannedForEncodings = 0;
			knownRegions = (
				en,
				Base,
			);
			mainGroup = 18DA19F122A9AE0A002EB3A0;
			productRefGroup = 18DA19FB22A9AE0A002EB3A0 /* Products */;
			projectDirPath = "";
			projectRoot = "";
			targets = (
				18DA19F922A9AE0A002EB3A0 /* challenge */,
				18DA1A0D22A9AE0C002EB3A0 /* challengeTests */,
				18DA1A1822A9AE0C002EB3A0 /* challengeUITests */,
			);
		};
/* End PBXProject section */

/* Begin PBXResourcesBuildPhase section */
		18DA19F822A9AE0A002EB3A0 /* Resources */ = {
			isa = PBXResourcesBuildPhase;
			buildActionMask = 2147483647;
			files = (
				18DA1A0822A9AE0C002EB3A0 /* LaunchScreen.storyboard in Resources */,
				18DA1A0522A9AE0C002EB3A0 /* Assets.xcassets in Resources */,
				18DA1A0322A9AE0A002EB3A0 /* Main.storyboard in Resources */,
			);
			runOnlyForDeploymentPostprocessing = 0;
		};
		18DA1A0C22A9AE0C002EB3A0 /* Resources */ = {
			isa = PBXResourcesBuildPhase;
			buildActionMask = 2147483647;
			files = (
			);
			runOnlyForDeploymentPostprocessing = 0;
		};
		18DA1A1722A9AE0C002EB3A0 /* Resources */ = {
			isa = PBXResourcesBuildPhase;
			buildActionMask = 2147483647;
			files = (
			);
			runOnlyForDeploymentPostprocessing = 0;
		};
/* End PBXResourcesBuildPhase section */

/* Begin PBXSourcesBuildPhase section */
		18DA19F622A9AE0A002EB3A0 /* Sources */ = {
			isa = PBXSourcesBuildPhase;
			buildActionMask = 2147483647;
			files = (
				18DA1A0022A9AE0A002EB3A0 /* ViewController.swift in Sources */,
				18DA19FE22A9AE0A002EB3A0 /* AppDelegate.swift in Sources */,
			);
			runOnlyForDeploymentPostprocessing = 0;
		};
		18DA1A0A22A9AE0C002EB3A0 /* Sources */ = {
			isa = PBXSourcesBuildPhase;
			buildActionMask = 2147483647;
			files = (
				18DA1A1322A9AE0C002EB3A0 /* challengeTests.swift in Sources */,
			);
			runOnlyForDeploymentPostprocessing = 0;
		};
		18DA1A1522A9AE0C002EB3A0 /* Sources */ = {
			isa = PBXSourcesBuildPhase;
			buildActionMask = 2147483647;
			files = (
				18DA1A1E22A9AE0C002EB3A0 /* challengeUITests.swift in Sources */,
			);
			runOnlyForDeploymentPostprocessing = 0;
		};
/* End PBXSourcesBuildPhase section */

/* Begin PBXTargetDependency section */
		18DA1A1022A9AE0C002EB3A0 /* PBXTargetDependency */ = {
			isa = PBXTargetDependency;
			target = 18DA19F922A9AE0A002EB3A0 /* challenge */;
			targetProxy = 18DA1A0F22A9AE0C002EB3A0 /* PBXContainerItemProxy */;
		};
		18DA1A1B22A9AE0C002EB3A0 /* PBXTargetDependency */ = {
			isa = PBXTargetDependency;
			target = 18DA19F922A9AE0A002EB3A0 /* challenge */;
			targetProxy = 18DA1A1A22A9AE0C002EB3A0 /* PBXContainerItemProxy */;
		};
/* End PBXTargetDependency section */

/* Begin PBXVariantGroup section */
		18DA1A0122A9AE0A002EB3A0 /* Main.storyboard */ = {
			isa = PBXVariantGroup;
			children = (
				18DA1A0222A9AE0A002EB3A0 /* Base */,
			);
			name = Main.storyboard;
			sourceTree = "<group>";
		};
		18DA1A0622A9AE0C002EB3A0 /* LaunchScreen.storyboard */ = {
			isa = PBXVariantGroup;
			children = (
				18DA1A0722A9AE0C002EB3A0 /* Base */,
			);
			name = LaunchScreen.storyboard;
			sourceTree = "<group>";
		};
/* End PBXVariantGroup section */

/* Begin XCBuildConfiguration section */
		18DA1A2022A9AE0C002EB3A0 /* Debug */ = {
			isa = XCBuildConfiguration;
			buildSettings = {
				ALWAYS_SEARCH_USER_PATHS = NO;
				CLANG_ANALYZER_NONNULL = YES;
				CLANG_ANALYZER_NUMBER_OBJECT_CONVERSION = YES_AGGRESSIVE;
				CLANG_CXX_LANGUAGE_STANDARD = "gnu++14";
				CLANG_CXX_LIBRARY = "libc++";
				CLANG_ENABLE_MODULES = YES;
				CLANG_ENABLE_OBJC_ARC = YES;
				CLANG_ENABLE_OBJC_WEAK = YES;
				CLANG_WARN_BLOCK_CAPTURE_AUTORELEASING = YES;
				CLANG_WARN_BOOL_CONVERSION = YES;
				CLANG_WARN_COMMA = YES;
				CLANG_WARN_CONSTANT_CONVERSION = YES;
				CLANG_WARN_DEPRECATED_OBJC_IMPLEMENTATIONS = YES;
				CLANG_WARN_DIRECT_OBJC_ISA_USAGE = YES_ERROR;
				CLANG_WARN_DOCUMENTATION_COMMENTS = YES;
				CLANG_WARN_EMPTY_BODY = YES;
				CLANG_WARN_ENUM_CONVERSION = YES;
				CLANG_WARN_INFINITE_RECURSION = YES;
				CLANG_WARN_INT_CONVERSION = YES;
				CLANG_WARN_NON_LITERAL_NULL_CONVERSION = YES;
				CLANG_WARN_OBJC_IMPLICIT_RETAIN_SELF = YES;
				CLANG_WARN_OBJC_LITERAL_CONVERSION = YES;
				CLANG_WARN_OBJC_ROOT_CLASS = YES_ERROR;
				CLANG_WARN_RANGE_LOOP_ANALYSIS = YES;
				CLANG_WARN_STRICT_PROTOTYPES = YES;
				CLANG_WARN_SUSPICIOUS_MOVE = YES;
				CLANG_WARN_UNGUARDED_AVAILABILITY = YES_AGGRESSIVE;
				CLANG_WARN_UNREACHABLE_CODE = YES;
				CLANG_WARN__DUPLICATE_METHOD_MATCH = YES;
				CODE_SIGN_IDENTITY = "iPhone Developer";
				COPY_PHASE_STRIP = NO;
				DEBUG_INFORMATION_FORMAT = dwarf;
				ENABLE_STRICT_OBJC_MSGSEND = YES;
				ENABLE_TESTABILITY = YES;
				GCC_C_LANGUAGE_STANDARD = gnu11;
				GCC_DYNAMIC_NO_PIC = NO;
				GCC_NO_COMMON_BLOCKS = YES;
				GCC_OPTIMIZATION_LEVEL = 0;
				GCC_PREPROCESSOR_DEFINITIONS = (
					"DEBUG=1",
					"$(inherited)",
				);
				GCC_WARN_64_TO_32_BIT_CONVERSION = YES;
				GCC_WARN_ABOUT_RETURN_TYPE = YES_ERROR;
				GCC_WARN_UNDECLARED_SELECTOR = YES;
				GCC_WARN_UNINITIALIZED_AUTOS = YES_AGGRESSIVE;
				GCC_WARN_UNUSED_FUNCTION = YES;
				GCC_WARN_UNUSED_VARIABLE = YES;
				IPHONEOS_DEPLOYMENT_TARGET = 12.2;
				MTL_ENABLE_DEBUG_INFO = INCLUDE_SOURCE;
				MTL_FAST_MATH = YES;
				ONLY_ACTIVE_ARCH = YES;
				SDKROOT = iphoneos;
				SWIFT_ACTIVE_COMPILATION_CONDITIONS = DEBUG;
				SWIFT_OPTIMIZATION_LEVEL = "-Onone";
			};
			name = Debug;
		};
		18DA1A2122A9AE0C002EB3A0 /* Release */ = {
			isa = XCBuildConfiguration;
			buildSettings = {
				ALWAYS_SEARCH_USER_PATHS = NO;
				CLANG_ANALYZER_NONNULL = YES;
				CLANG_ANALYZER_NUMBER_OBJECT_CONVERSION = YES_AGGRESSIVE;
				CLANG_CXX_LANGUAGE_STANDARD = "gnu++14";
				CLANG_CXX_LIBRARY = "libc++";
				CLANG_ENABLE_MODULES = YES;
				CLANG_ENABLE_OBJC_ARC = YES;
				CLANG_ENABLE_OBJC_WEAK = YES;
				CLANG_WARN_BLOCK_CAPTURE_AUTORELEASING = YES;
				CLANG_WARN_BOOL_CONVERSION = YES;
				CLANG_WARN_COMMA = YES;
				CLANG_WARN_CONSTANT_CONVERSION = YES;
				CLANG_WARN_DEPRECATED_OBJC_IMPLEMENTATIONS = YES;
				CLANG_WARN_DIRECT_OBJC_ISA_USAGE = YES_ERROR;
				CLANG_WARN_DOCUMENTATION_COMMENTS = YES;
				CLANG_WARN_EMPTY_BODY = YES;
				CLANG_WARN_ENUM_CONVERSION = YES;
				CLANG_WARN_INFINITE_RECURSION = YES;
				CLANG_WARN_INT_CONVERSION = YES;
				CLANG_WARN_NON_LITERAL_NULL_CONVERSION = YES;
				CLANG_WARN_OBJC_IMPLICIT_RETAIN_SELF = YES;
				CLANG_WARN_OBJC_LITERAL_CONVERSION = YES;
				CLANG_WARN_OBJC_ROOT_CLASS = YES_ERROR;
				CLANG_WARN_RANGE_LOOP_ANALYSIS = YES;
				CLANG_WARN_STRICT_PROTOTYPES = YES;
				CLANG_WARN_SUSPICIOUS_MOVE = YES;
				CLANG_WARN_UNGUARDED_AVAILABILITY = YES_AGGRESSIVE;
				CLANG_WARN_UNREACHABLE_CODE = YES;
				CLANG_WARN__DUPLICATE_METHOD_MATCH = YES;
				CODE_SIGN_IDENTITY = "iPhone Developer";
				COPY_PHASE_STRIP = NO;
				DEBUG_INFORMATION_FORMAT = "dwarf-with-dsym";
				ENABLE_NS_ASSERTIONS = NO;
				ENABLE_STRICT_OBJC_MSGSEND = YES;
				GCC_C_LANGUAGE_STANDARD = gnu11;
				GCC_NO_COMMON_BLOCKS = YES;
				GCC_WARN_64_TO_32_BIT_CONVERSION = YES;
				GCC_WARN_ABOUT_RETURN_TYPE = YES_ERROR;
				GCC_WARN_UNDECLARED_SELECTOR = YES;
				GCC_WARN_UNINITIALIZED_AUTOS = YES_AGGRESSIVE;
				GCC_WARN_UNUSED_FUNCTION = YES;
				GCC_WARN_UNUSED_VARIABLE = YES;
				IPHONEOS_DEPLOYMENT_TARGET = 12.2;
				MTL_ENABLE_DEBUG_INFO = NO;
				MTL_FAST_MATH = YES;
				SDKROOT = iphoneos;
				SWIFT_COMPILATION_MODE = wholemodule;
				SWIFT_OPTIMIZATION_LEVEL = "-O";
				VALIDATE_PRODUCT = YES;
			};
			name = Release;
		};
		18DA1A2322A9AE0C002EB3A0 /* Debug */ = {
			isa = XCBuildConfiguration;
			buildSettings = {
				ASSETCATALOG_COMPILER_APPICON_NAME = AppIcon;
				CODE_SIGN_STYLE = Automatic;
				INFOPLIST_FILE = challenge/Info.plist;
				LD_RUNPATH_SEARCH_PATHS = (
					"$(inherited)",
					"@executable_path/Frameworks",
				);
				PRODUCT_BUNDLE_IDENTIFIER = Anna.challenge;
				PRODUCT_NAME = "$(TARGET_NAME)";
				SWIFT_VERSION = 5.0;
				TARGETED_DEVICE_FAMILY = "1,2";
			};
			name = Debug;
		};
		18DA1A2422A9AE0C002EB3A0 /* Release */ = {
			isa = XCBuildConfiguration;
			buildSettings = {
				ASSETCATALOG_COMPILER_APPICON_NAME = AppIcon;
				CODE_SIGN_STYLE = Automatic;
				INFOPLIST_FILE = challenge/Info.plist;
				LD_RUNPATH_SEARCH_PATHS = (
					"$(inherited)",
					"@executable_path/Frameworks",
				);
				PRODUCT_BUNDLE_IDENTIFIER = Anna.challenge;
				PRODUCT_NAME = "$(TARGET_NAME)";
				SWIFT_VERSION = 5.0;
				TARGETED_DEVICE_FAMILY = "1,2";
			};
			name = Release;
		};
		18DA1A2622A9AE0C002EB3A0 /* Debug */ = {
			isa = XCBuildConfiguration;
			buildSettings = {
				ALWAYS_EMBED_SWIFT_STANDARD_LIBRARIES = YES;
				BUNDLE_LOADER = "$(TEST_HOST)";
				CODE_SIGN_STYLE = Automatic;
				INFOPLIST_FILE = challengeTests/Info.plist;
				LD_RUNPATH_SEARCH_PATHS = (
					"$(inherited)",
					"@executable_path/Frameworks",
					"@loader_path/Frameworks",
				);
				PRODUCT_BUNDLE_IDENTIFIER = Anna.challengeTests;
				PRODUCT_NAME = "$(TARGET_NAME)";
				SWIFT_VERSION = 5.0;
				TARGETED_DEVICE_FAMILY = "1,2";
				TEST_HOST = "$(BUILT_PRODUCTS_DIR)/challenge.app/challenge";
			};
			name = Debug;
		};
		18DA1A2722A9AE0C002EB3A0 /* Release */ = {
			isa = XCBuildConfiguration;
			buildSettings = {
				ALWAYS_EMBED_SWIFT_STANDARD_LIBRARIES = YES;
				BUNDLE_LOADER = "$(TEST_HOST)";
				CODE_SIGN_STYLE = Automatic;
				INFOPLIST_FILE = challengeTests/Info.plist;
				LD_RUNPATH_SEARCH_PATHS = (
					"$(inherited)",
					"@executable_path/Frameworks",
					"@loader_path/Frameworks",
				);
				PRODUCT_BUNDLE_IDENTIFIER = Anna.challengeTests;
				PRODUCT_NAME = "$(TARGET_NAME)";
				SWIFT_VERSION = 5.0;
				TARGETED_DEVICE_FAMILY = "1,2";
				TEST_HOST = "$(BUILT_PRODUCTS_DIR)/challenge.app/challenge";
			};
			name = Release;
		};
		18DA1A2922A9AE0C002EB3A0 /* Debug */ = {
			isa = XCBuildConfiguration;
			buildSettings = {
				ALWAYS_EMBED_SWIFT_STANDARD_LIBRARIES = YES;
				CODE_SIGN_STYLE = Automatic;
				INFOPLIST_FILE = challengeUITests/Info.plist;
				LD_RUNPATH_SEARCH_PATHS = (
					"$(inherited)",
					"@executable_path/Frameworks",
					"@loader_path/Frameworks",
				);
				PRODUCT_BUNDLE_IDENTIFIER = Anna.challengeUITests;
				PRODUCT_NAME = "$(TARGET_NAME)";
				SWIFT_VERSION = 5.0;
				TARGETED_DEVICE_FAMILY = "1,2";
				TEST_TARGET_NAME = challenge;
			};
			name = Debug;
		};
		18DA1A2A22A9AE0C002EB3A0 /* Release */ = {
			isa = XCBuildConfiguration;
			buildSettings = {
				ALWAYS_EMBED_SWIFT_STANDARD_LIBRARIES = YES;
				CODE_SIGN_STYLE = Automatic;
				INFOPLIST_FILE = challengeUITests/Info.plist;
				LD_RUNPATH_SEARCH_PATHS = (
					"$(inherited)",
					"@executable_path/Frameworks",
					"@loader_path/Frameworks",
				);
				PRODUCT_BUNDLE_IDENTIFIER = Anna.challengeUITests;
				PRODUCT_NAME = "$(TARGET_NAME)";
				SWIFT_VERSION = 5.0;
				TARGETED_DEVICE_FAMILY = "1,2";
				TEST_TARGET_NAME = challenge;
			};
			name = Release;
		};
/* End XCBuildConfiguration section */

/* Begin XCConfigurationList section */
		18DA19F522A9AE0A002EB3A0 /* Build configuration list for PBXProject "challenge" */ = {
			isa = XCConfigurationList;
			buildConfigurations = (
				18DA1A2022A9AE0C002EB3A0 /* Debug */,
				18DA1A2122A9AE0C002EB3A0 /* Release */,
			);
			defaultConfigurationIsVisible = 0;
			defaultConfigurationName = Release;
		};
		18DA1A2222A9AE0C002EB3A0 /* Build configuration list for PBXNativeTarget "challenge" */ = {
			isa = XCConfigurationList;
			buildConfigurations = (
				18DA1A2322A9AE0C002EB3A0 /* Debug */,
				18DA1A2422A9AE0C002EB3A0 /* Release */,
			);
			defaultConfigurationIsVisible = 0;
			defaultConfigurationName = Release;
		};
		18DA1A2522A9AE0C002EB3A0 /* Build configuration list for PBXNativeTarget "challengeTests" */ = {
			isa = XCConfigurationList;
			buildConfigurations = (
				18DA1A2622A9AE0C002EB3A0 /* Debug */,
				18DA1A2722A9AE0C002EB3A0 /* Release */,
			);
			defaultConfigurationIsVisible = 0;
			defaultConfigurationName = Release;
		};
		18DA1A2822A9AE0C002EB3A0 /* Build configuration list for PBXNativeTarget "challengeUITests" */ = {
			isa = XCConfigurationList;
			buildConfigurations = (
				18DA1A2922A9AE0C002EB3A0 /* Debug */,
				18DA1A2A22A9AE0C002EB3A0 /* Release */,
			);
			defaultConfigurationIsVisible = 0;
			defaultConfigurationName = Release;
		};
/* End XCConfigurationList section */
	};
	rootObject = 18DA19F222A9AE0A002EB3A0 /* Project object */;
}
